
Microsoft Visual Studio Solution File, Format Version 12.00
# Visual Studio Version 17
VisualStudioVersion = 17.2.32630.192
MinimumVisualStudioVersion = 10.0.40219.1
Project("{FAE04EC0-301F-11D3-BF4B-00C04F79EFBC}") = "MindboxTest", "MindboxTest.csproj", "{89E011FE-316B-43E9-BBE4-124EB39219DB}"
EndProject
Project("{FAE04EC0-301F-11D3-BF4B-00C04F79EFBC}") = "Tests", "..\Tests\Tests.csproj", "{C0223812-FEA6-4E76-ABAB-7FDA66713B8A}"
EndProject
Global
	GlobalSection(SolutionConfigurationPlatforms) = preSolution
		Debug|Any CPU = Debug|Any CPU
		Release|Any CPU = Release|Any CPU
	EndGlobalSection
	GlobalSection(ProjectConfigurationPlatforms) = postSolution
		{89E011FE-316B-43E9-BBE4-124EB39219DB}.Debug|Any CPU.ActiveCfg = Debug|Any CPU
		{89E011FE-316B-43E9-BBE4-124EB39219DB}.Debug|Any CPU.Build.0 = Debug|Any CPU
		{89E011FE-316B-43E9-BBE4-124EB39219DB}.Release|Any CPU.ActiveCfg = Release|Any CPU
		{89E011FE-316B-43E9-BBE4-124EB39219DB}.Release|Any CPU.Build.0 = Release|Any CPU
		{C0223812-FEA6-4E76-ABAB-7FDA66713B8A}.Debug|Any CPU.ActiveCfg = Debug|Any CPU
		{C0223812-FEA6-4E76-ABAB-7FDA66713B8A}.Debug|Any CPU.Build.0 = Debug|Any CPU
		{C0223812-FEA6-4E76-ABAB-7FDA66713B8A}.Release|Any CPU.ActiveCfg = Release|Any CPU
		{C0223812-FEA6-4E76-ABAB-7FDA66713B8A}.Release|Any CPU.Build.0 = Release|Any CPU
	EndGlobalSection
	GlobalSection(SolutionProperties) = preSolution
		HideSolutionNode = FALSE
	EndGlobalSection
	GlobalSection(ExtensibilityGlobals) = postSolution
		SolutionGuid = {EA30D285-E40E-451E-9D30-461213A18520}
	EndGlobalSection
EndGlobal
